
Microsoft Visual Studio Solution File, Format Version 12.00
# Visual Studio Version 17
VisualStudioVersion = 17.4.33213.308
MinimumVisualStudioVersion = 10.0.40219.1
Project("{FAE04EC0-301F-11D3-BF4B-00C04F79EFBC}") = "AZURE WEB APP", "AZURE WEB APP.csproj", "{22C65549-F663-4D13-8C64-9F5B03ADF7A3}"
EndProject
Global
	GlobalSection(SolutionConfigurationPlatforms) = preSolution
		Debug|Any CPU = Debug|Any CPU
		Release|Any CPU = Release|Any CPU
	EndGlobalSection
	GlobalSection(ProjectConfigurationPlatforms) = postSolution
		{22C65549-F663-4D13-8C64-9F5B03ADF7A3}.Debug|Any CPU.ActiveCfg = Debug|Any CPU
		{22C65549-F663-4D13-8C64-9F5B03ADF7A3}.Debug|Any CPU.Build.0 = Debug|Any CPU
		{22C65549-F663-4D13-8C64-9F5B03ADF7A3}.Release|Any CPU.ActiveCfg = Release|Any CPU
		{22C65549-F663-4D13-8C64-9F5B03ADF7A3}.Release|Any CPU.Build.0 = Release|Any CPU
	EndGlobalSection
	GlobalSection(SolutionProperties) = preSolution
		HideSolutionNode = FALSE
	EndGlobalSection
	GlobalSection(ExtensibilityGlobals) = postSolution
		SolutionGuid = {36DD102C-7B95-406A-B8B0-BA5A88F79AF6}
	EndGlobalSection
EndGlobal
